{
  "nodes": {
    "disko": {
      "inputs": {
        "nixpkgs": [
          "nixpkgs"
        ]
      },
      "locked": {
        "lastModified": 1768920986,
        "narHash": "sha256-CNzzBsRhq7gg4BMBuTDObiWDH/rFYHEuDRVOwCcwXw4=",
        "owner": "nix-community",
        "repo": "disko",
        "rev": "de5708739256238fb912c62f03988815db89ec9a",
        "type": "github"
      },
      "original": {
        "owner": "nix-community",
        "ref": "latest",
        "repo": "disko",
        "type": "github"
      }
    },
    "home-manager": {
      "inputs": {
        "nixpkgs": [
          "nixpkgs"
        ]
      },
      "locked": {
        "lastModified": 1773810247,
        "narHash": "sha256-6Vz1Thy/1s7z+Rq5OfkWOBAdV4eD+OrvDs10yH6xJzQ=",
        "owner": "nix-community",
        "repo": "home-manager",
        "rev": "d47357a4c806d18a3e853ad2699eaec3c01622e7",
        "type": "github"
      },
      "original": {
        "owner": "nix-community",
        "ref": "master",
        "repo": "home-manager",
        "type": "github"
      }
    },
    "nix-flatpak": {
      "locked": {
        "lastModified": 1767983141,
        "narHash": "sha256-7ZCulYUD9RmJIDULTRkGLSW1faMpDlPKcbWJLYHoXcs=",
        "owner": "gmodena",
        "repo": "nix-flatpak",
        "rev": "440818969ac2cbd77bfe025e884d0aa528991374",
        "type": "github"
      },
      "original": {
        "owner": "gmodena",
        "ref": "latest",
        "repo": "nix-flatpak",
        "type": "github"
      }
    },
    "nixpkgs": {
      "locked": {
        "lastModified": 1773734432,
        "narHash": "sha256-IF5ppUWh6gHGHYDbtVUyhwy/i7D261P7fWD1bPefOsw=",
        "owner": "NixOS",
        "repo": "nixpkgs",
        "rev": "cda48547b432e8d3b18b4180ba07473762ec8558",
        "type": "github"
      },
      "original": {
        "owner": "NixOS",
        "ref": "nixos-unstable",
        "repo": "nixpkgs",
        "type": "github"
      }
    },
    "omarchy": {
      "flake": false,
      "locked": {
        "lastModified": 1772990935,
        "narHash": "sha256-Srf1vaqQh1ywz579XOP7/6qSqHmuBD82hcR+D+/CRF0=",
        "owner": "basecamp",
        "repo": "omarchy",
        "rev": "b4cb5e287bd6b35add754e9f35ba2f92514d62a4",
        "type": "github"
      },
      "original": {
        "owner": "basecamp",
        "ref": "master",
        "repo": "omarchy",
        "type": "github"
      }
    },
    "plasma-manager": {
      "inputs": {
        "home-manager": [
          "home-manager"
        ],
        "nixpkgs": [
          "nixpkgs"
        ]
      },
      "locked": {
        "lastModified": 1774915545,
        "narHash": "sha256-COT4l/+ZddGBvrDVfPf7MEOJxV8EDKame6/aRnNIKcY=",
        "owner": "nix-community",
        "repo": "plasma-manager",
        "rev": "f3177b3c69fb3f03201098d7fe8ab6422cce7fc1",
        "type": "github"
      },
      "original": {
        "owner": "nix-community",
        "repo": "plasma-manager",
        "type": "github"
      }
    },
    "root": {
      "inputs": {
        "disko": "disko",
        "home-manager": "home-manager",
        "nix-flatpak": "nix-flatpak",
        "nixpkgs": "nixpkgs",
        "omarchy": "omarchy",
        "plasma-manager": "plasma-manager"
      }
    }
  },
  "root": "root",
  "version": 7
}
